// !$*UTF8*$!
{
	archiveVersion = 1;
	classes = {
	};
	objectVersion = 55;
	objects = {

/* Begin PBXBuildFile section */
		424B0FAA28D036A100E74998 /* StoryViewModel.swift in Sources */ = {isa = PBXBuildFile; fileRef = 424B0FA928D036A100E74998 /* StoryViewModel.swift */; };
		424B0FAC28D0393B00E74998 /* ProfileVIew.swift in Sources */ = {isa = PBXBuildFile; fileRef = 424B0FAB28D0393B00E74998 /* ProfileVIew.swift */; };
		424B0FAE28D04D0900E74998 /* StoryView.swift in Sources */ = {isa = PBXBuildFile; fileRef = 424B0FAD28D04D0900E74998 /* StoryView.swift */; };
		424B0FB028D05B6D00E74998 /* StoryCard.swift in Sources */ = {isa = PBXBuildFile; fileRef = 424B0FAF28D05B6D00E74998 /* StoryCard.swift */; };
		426AB23228CF0D28002D5244 /* InstaStoryApp.swift in Sources */ = {isa = PBXBuildFile; fileRef = 426AB23128CF0D28002D5244 /* InstaStoryApp.swift */; };
		426AB23428CF0D28002D5244 /* ContentView.swift in Sources */ = {isa = PBXBuildFile; fileRef = 426AB23328CF0D28002D5244 /* ContentView.swift */; };
		426AB23628CF0D29002D5244 /* Assets.xcassets in Resources */ = {isa = PBXBuildFile; fileRef = 426AB23528CF0D29002D5244 /* Assets.xcassets */; };
		426AB23928CF0D29002D5244 /* Preview Assets.xcassets in Resources */ = {isa = PBXBuildFile; fileRef = 426AB23828CF0D29002D5244 /* Preview Assets.xcassets */; };
		426AB24028CF1826002D5244 /* Anime.swift in Sources */ = {isa = PBXBuildFile; fileRef = 426AB23F28CF1826002D5244 /* Anime.swift */; };
		426AB24228CF1A43002D5244 /* StoryBundle.swift in Sources */ = {isa = PBXBuildFile; fileRef = 426AB24128CF1A43002D5244 /* StoryBundle.swift */; };
/* End PBXBuildFile section */

/* Begin PBXFileReference section */
		424B0FA928D036A100E74998 /* StoryViewModel.swift */ = {isa = PBXFileReference; lastKnownFileType = sourcecode.swift; path = StoryViewModel.swift; sourceTree = "<group>"; };
		424B0FAB28D0393B00E74998 /* ProfileVIew.swift */ = {isa = PBXFileReference; lastKnownFileType = sourcecode.swift; path = ProfileVIew.swift; sourceTree = "<group>"; };
		424B0FAD28D04D0900E74998 /* StoryView.swift */ = {isa = PBXFileReference; lastKnownFileType = sourcecode.swift; path = StoryView.swift; sourceTree = "<group>"; };
		424B0FAF28D05B6D00E74998 /* StoryCard.swift */ = {isa = PBXFileReference; lastKnownFileType = sourcecode.swift; path = StoryCard.swift; sourceTree = "<group>"; };
		426AB22E28CF0D28002D5244 /* InstaStory.app */ = {isa = PBXFileReference; explicitFileType = wrapper.application; includeInIndex = 0; path = InstaStory.app; sourceTree = BUILT_PRODUCTS_DIR; };
		426AB23128CF0D28002D5244 /* InstaStoryApp.swift */ = {isa = PBXFileReference; lastKnownFileType = sourcecode.swift; path = InstaStoryApp.swift; sourceTree = "<group>"; };
		426AB23328CF0D28002D5244 /* ContentView.swift */ = {isa = PBXFileReference; lastKnownFileType = sourcecode.swift; path = ContentView.swift; sourceTree = "<group>"; };
		426AB23528CF0D29002D5244 /* Assets.xcassets */ = {isa = PBXFileReference; lastKnownFileType = folder.assetcatalog; path = Assets.xcassets; sourceTree = "<group>"; };
		426AB23828CF0D29002D5244 /* Preview Assets.xcassets */ = {isa = PBXFileReference; lastKnownFileType = folder.assetcatalog; path = "Preview Assets.xcassets"; sourceTree = "<group>"; };
		426AB23F28CF1826002D5244 /* Anime.swift */ = {isa = PBXFileReference; lastKnownFileType = sourcecode.swift; path = Anime.swift; sourceTree = "<group>"; };
		426AB24128CF1A43002D5244 /* StoryBundle.swift */ = {isa = PBXFileReference; lastKnownFileType = sourcecode.swift; path = StoryBundle.swift; sourceTree = "<group>"; };
/* End PBXFileReference section */

/* Begin PBXFrameworksBuildPhase section */
		426AB22B28CF0D28002D5244 /* Frameworks */ = {
			isa = PBXFrameworksBuildPhase;
			buildActionMask = 2147483647;
			files = (
			);
			runOnlyForDeploymentPostprocessing = 0;
		};
/* End PBXFrameworksBuildPhase section */

/* Begin PBXGroup section */
		426AB22528CF0D28002D5244 = {
			isa = PBXGroup;
			children = (
				426AB23028CF0D28002D5244 /* InstaStory */,
				426AB22F28CF0D28002D5244 /* Products */,
			);
			sourceTree = "<group>";
		};
		426AB22F28CF0D28002D5244 /* Products */ = {
			isa = PBXGroup;
			children = (
				426AB22E28CF0D28002D5244 /* InstaStory.app */,
			);
			name = Products;
			sourceTree = "<group>";
		};
		426AB23028CF0D28002D5244 /* InstaStory */ = {
			isa = PBXGroup;
			children = (
				426AB23128CF0D28002D5244 /* InstaStoryApp.swift */,
				426AB23328CF0D28002D5244 /* ContentView.swift */,
				426AB23528CF0D29002D5244 /* Assets.xcassets */,
				426AB23728CF0D29002D5244 /* Preview Content */,
				426AB23F28CF1826002D5244 /* Anime.swift */,
				426AB24128CF1A43002D5244 /* StoryBundle.swift */,
				424B0FA928D036A100E74998 /* StoryViewModel.swift */,
				424B0FAB28D0393B00E74998 /* ProfileVIew.swift */,
				424B0FAD28D04D0900E74998 /* StoryView.swift */,
				424B0FAF28D05B6D00E74998 /* StoryCard.swift */,
			);
			path = InstaStory;
			sourceTree = "<group>";
		};
		426AB23728CF0D29002D5244 /* Preview Content */ = {
			isa = PBXGroup;
			children = (
				426AB23828CF0D29002D5244 /* Preview Assets.xcassets */,
			);
			path = "Preview Content";
			sourceTree = "<group>";
		};
/* End PBXGroup section */

/* Begin PBXNativeTarget section */
		426AB22D28CF0D28002D5244 /* InstaStory */ = {
			isa = PBXNativeTarget;
			buildConfigurationList = 426AB23C28CF0D29002D5244 /* Build configuration list for PBXNativeTarget "InstaStory" */;
			buildPhases = (
				426AB22A28CF0D28002D5244 /* Sources */,
				426AB22B28CF0D28002D5244 /* Frameworks */,
				426AB22C28CF0D28002D5244 /* Resources */,
			);
			buildRules = (
			);
			dependencies = (
			);
			name = InstaStory;
			productName = InstaStory;
			productReference = 426AB22E28CF0D28002D5244 /* InstaStory.app */;
			productType = "com.apple.product-type.application";
		};
/* End PBXNativeTarget section */

/* Begin PBXProject section */
		426AB22628CF0D28002D5244 /* Project object */ = {
			isa = PBXProject;
			attributes = {
				BuildIndependentTargetsInParallel = 1;
				LastSwiftUpdateCheck = 1340;
				LastUpgradeCheck = 1340;
				TargetAttributes = {
					426AB22D28CF0D28002D5244 = {
						CreatedOnToolsVersion = 13.4.1;
					};
				};
			};
			buildConfigurationList = 426AB22928CF0D28002D5244 /* Build configuration list for PBXProject "InstaStory" */;
			compatibilityVersion = "Xcode 13.0";
			developmentRegion = en;
			hasScannedForEncodings = 0;
			knownRegions = (
				en,
				Base,
			);
			mainGroup = 426AB22528CF0D28002D5244;
			productRefGroup = 426AB22F28CF0D28002D5244 /* Products */;
			projectDirPath = "";
			projectRoot = "";
			targets = (
				426AB22D28CF0D28002D5244 /* InstaStory */,
			);
		};
/* End PBXProject section */

/* Begin PBXResourcesBuildPhase section */
		426AB22C28CF0D28002D5244 /* Resources */ = {
			isa = PBXResourcesBuildPhase;
			buildActionMask = 2147483647;
			files = (
				426AB23928CF0D29002D5244 /* Preview Assets.xcassets in Resources */,
				426AB23628CF0D29002D5244 /* Assets.xcassets in Resources */,
			);
			runOnlyForDeploymentPostprocessing = 0;
		};
/* End PBXResourcesBuildPhase section */

/* Begin PBXSourcesBuildPhase section */
		426AB22A28CF0D28002D5244 /* Sources */ = {
			isa = PBXSourcesBuildPhase;
			buildActionMask = 2147483647;
			files = (
				426AB23428CF0D28002D5244 /* ContentView.swift in Sources */,
				426AB23228CF0D28002D5244 /* InstaStoryApp.swift in Sources */,
				424B0FAC28D0393B00E74998 /* ProfileVIew.swift in Sources */,
				424B0FAE28D04D0900E74998 /* StoryView.swift in Sources */,
				426AB24028CF1826002D5244 /* Anime.swift in Sources */,
				424B0FB028D05B6D00E74998 /* StoryCard.swift in Sources */,
				424B0FAA28D036A100E74998 /* StoryViewModel.swift in Sources */,
				426AB24228CF1A43002D5244 /* StoryBundle.swift in Sources */,
			);
			runOnlyForDeploymentPostprocessing = 0;
		};
/* End PBXSourcesBuildPhase section */

/* Begin XCBuildConfiguration section */
		426AB23A28CF0D29002D5244 /* Debug */ = {
			isa = XCBuildConfiguration;
			buildSettings = {
				ALWAYS_SEARCH_USER_PATHS = NO;
				CLANG_ANALYZER_NONNULL = YES;
				CLANG_ANALYZER_NUMBER_OBJECT_CONVERSION = YES_AGGRESSIVE;
				CLANG_CXX_LANGUAGE_STANDARD = "gnu++17";
				CLANG_ENABLE_MODULES = YES;
				CLANG_ENABLE_OBJC_ARC = YES;
				CLANG_ENABLE_OBJC_WEAK = YES;
				CLANG_WARN_BLOCK_CAPTURE_AUTORELEASING = YES;
				CLANG_WARN_BOOL_CONVERSION = YES;
				CLANG_WARN_COMMA = YES;
				CLANG_WARN_CONSTANT_CONVERSION = YES;
				CLANG_WARN_DEPRECATED_OBJC_IMPLEMENTATIONS = YES;
				CLANG_WARN_DIRECT_OBJC_ISA_USAGE = YES_ERROR;
				CLANG_WARN_DOCUMENTATION_COMMENTS = YES;
				CLANG_WARN_EMPTY_BODY = YES;
				CLANG_WARN_ENUM_CONVERSION = YES;
				CLANG_WARN_INFINITE_RECURSION = YES;
				CLANG_WARN_INT_CONVERSION = YES;
				CLANG_WARN_NON_LITERAL_NULL_CONVERSION = YES;
				CLANG_WARN_OBJC_IMPLICIT_RETAIN_SELF = YES;
				CLANG_WARN_OBJC_LITERAL_CONVERSION = YES;
				CLANG_WARN_OBJC_ROOT_CLASS = YES_ERROR;
				CLANG_WARN_QUOTED_INCLUDE_IN_FRAMEWORK_HEADER = YES;
				CLANG_WARN_RANGE_LOOP_ANALYSIS = YES;
				CLANG_WARN_STRICT_PROTOTYPES = YES;
				CLANG_WARN_SUSPICIOUS_MOVE = YES;
				CLANG_WARN_UNGUARDED_AVAILABILITY = YES_AGGRESSIVE;
				CLANG_WARN_UNREACHABLE_CODE = YES;
				CLANG_WARN__DUPLICATE_METHOD_MATCH = YES;
				COPY_PHASE_STRIP = NO;
				DEBUG_INFORMATION_FORMAT = dwarf;
				ENABLE_STRICT_OBJC_MSGSEND = YES;
				ENABLE_TESTABILITY = YES;
				GCC_C_LANGUAGE_STANDARD = gnu11;
				GCC_DYNAMIC_NO_PIC = NO;
				GCC_NO_COMMON_BLOCKS = YES;
				GCC_OPTIMIZATION_LEVEL = 0;
				GCC_PREPROCESSOR_DEFINITIONS = (
					"DEBUG=1",
					"$(inherited)",
				);
				GCC_WARN_64_TO_32_BIT_CONVERSION = YES;
				GCC_WARN_ABOUT_RETURN_TYPE = YES_ERROR;
				GCC_WARN_UNDECLARED_SELECTOR = YES;
				GCC_WARN_UNINITIALIZED_AUTOS = YES_AGGRESSIVE;
				GCC_WARN_UNUSED_FUNCTION = YES;
				GCC_WARN_UNUSED_VARIABLE = YES;
				IPHONEOS_DEPLOYMENT_TARGET = 15.5;
				MTL_ENABLE_DEBUG_INFO = INCLUDE_SOURCE;
				MTL_FAST_MATH = YES;
				ONLY_ACTIVE_ARCH = YES;
				SDKROOT = iphoneos;
				SWIFT_ACTIVE_COMPILATION_CONDITIONS = DEBUG;
				SWIFT_OPTIMIZATION_LEVEL = "-Onone";
			};
			name = Debug;
		};
		426AB23B28CF0D29002D5244 /* Release */ = {
			isa = XCBuildConfiguration;
			buildSettings = {
				ALWAYS_SEARCH_USER_PATHS = NO;
				CLANG_ANALYZER_NONNULL = YES;
				CLANG_ANALYZER_NUMBER_OBJECT_CONVERSION = YES_AGGRESSIVE;
				CLANG_CXX_LANGUAGE_STANDARD = "gnu++17";
				CLANG_ENABLE_MODULES = YES;
				CLANG_ENABLE_OBJC_ARC = YES;
				CLANG_ENABLE_OBJC_WEAK = YES;
				CLANG_WARN_BLOCK_CAPTURE_AUTORELEASING = YES;
				CLANG_WARN_BOOL_CONVERSION = YES;
				CLANG_WARN_COMMA = YES;
				CLANG_WARN_CONSTANT_CONVERSION = YES;
				CLANG_WARN_DEPRECATED_OBJC_IMPLEMENTATIONS = YES;
				CLANG_WARN_DIRECT_OBJC_ISA_USAGE = YES_ERROR;
				CLANG_WARN_DOCUMENTATION_COMMENTS = YES;
				CLANG_WARN_EMPTY_BODY = YES;
				CLANG_WARN_ENUM_CONVERSION = YES;
				CLANG_WARN_INFINITE_RECURSION = YES;
				CLANG_WARN_INT_CONVERSION = YES;
				CLANG_WARN_NON_LITERAL_NULL_CONVERSION = YES;
				CLANG_WARN_OBJC_IMPLICIT_RETAIN_SELF = YES;
				CLANG_WARN_OBJC_LITERAL_CONVERSION = YES;
				CLANG_WARN_OBJC_ROOT_CLASS = YES_ERROR;
				CLANG_WARN_QUOTED_INCLUDE_IN_FRAMEWORK_HEADER = YES;
				CLANG_WARN_RANGE_LOOP_ANALYSIS = YES;
				CLANG_WARN_STRICT_PROTOTYPES = YES;
				CLANG_WARN_SUSPICIOUS_MOVE = YES;
				CLANG_WARN_UNGUARDED_AVAILABILITY = YES_AGGRESSIVE;
				CLANG_WARN_UNREACHABLE_CODE = YES;
				CLANG_WARN__DUPLICATE_METHOD_MATCH = YES;
				COPY_PHASE_STRIP = NO;
				DEBUG_INFORMATION_FORMAT = "dwarf-with-dsym";
				ENABLE_NS_ASSERTIONS = NO;
				ENABLE_STRICT_OBJC_MSGSEND = YES;
				GCC_C_LANGUAGE_STANDARD = gnu11;
				GCC_NO_COMMON_BLOCKS = YES;
				GCC_WARN_64_TO_32_BIT_CONVERSION = YES;
				GCC_WARN_ABOUT_RETURN_TYPE = YES_ERROR;
				GCC_WARN_UNDECLARED_SELECTOR = YES;
				GCC_WARN_UNINITIALIZED_AUTOS = YES_AGGRESSIVE;
				GCC_WARN_UNUSED_FUNCTION = YES;
				GCC_WARN_UNUSED_VARIABLE = YES;
				IPHONEOS_DEPLOYMENT_TARGET = 15.5;
				MTL_ENABLE_DEBUG_INFO = NO;
				MTL_FAST_MATH = YES;
				SDKROOT = iphoneos;
				SWIFT_COMPILATION_MODE = wholemodule;
				SWIFT_OPTIMIZATION_LEVEL = "-O";
				VALIDATE_PRODUCT = YES;
			};
			name = Release;
		};
		426AB23D28CF0D29002D5244 /* Debug */ = {
			isa = XCBuildConfiguration;
			buildSettings = {
				ASSETCATALOG_COMPILER_APPICON_NAME = AppIcon;
				ASSETCATALOG_COMPILER_GLOBAL_ACCENT_COLOR_NAME = AccentColor;
				CODE_SIGN_STYLE = Automatic;
				CURRENT_PROJECT_VERSION = 1;
				DEVELOPMENT_ASSET_PATHS = "\"InstaStory/Preview Content\"";
				DEVELOPMENT_TEAM = XLS842JFZV;
				ENABLE_PREVIEWS = YES;
				GENERATE_INFOPLIST_FILE = YES;
				INFOPLIST_KEY_UIApplicationSceneManifest_Generation = YES;
				INFOPLIST_KEY_UIApplicationSupportsIndirectInputEvents = YES;
				INFOPLIST_KEY_UILaunchScreen_Generation = YES;
				INFOPLIST_KEY_UISupportedInterfaceOrientations_iPad = "UIInterfaceOrientationPortrait UIInterfaceOrientationPortraitUpsideDown UIInterfaceOrientationLandscapeLeft UIInterfaceOrientationLandscapeRight";
				INFOPLIST_KEY_UISupportedInterfaceOrientations_iPhone = "UIInterfaceOrientationPortrait UIInterfaceOrientationLandscapeLeft UIInterfaceOrientationLandscapeRight";
				LD_RUNPATH_SEARCH_PATHS = (
					"$(inherited)",
					"@executable_path/Frameworks",
				);
				MARKETING_VERSION = 1.0;
				PRODUCT_BUNDLE_IDENTIFIER = "Mr.-Beast.InstaStory";
				PRODUCT_NAME = "$(TARGET_NAME)";
				SWIFT_EMIT_LOC_STRINGS = YES;
				SWIFT_VERSION = 5.0;
				TARGETED_DEVICE_FAMILY = "1,2";
			};
			name = Debug;
		};
		426AB23E28CF0D29002D5244 /* Release */ = {
			isa = XCBuildConfiguration;
			buildSettings = {
				ASSETCATALOG_COMPILER_APPICON_NAME = AppIcon;
				ASSETCATALOG_COMPILER_GLOBAL_ACCENT_COLOR_NAME = AccentColor;
				CODE_SIGN_STYLE = Automatic;
				CURRENT_PROJECT_VERSION = 1;
				DEVELOPMENT_ASSET_PATHS = "\"InstaStory/Preview Content\"";
				DEVELOPMENT_TEAM = XLS842JFZV;
				ENABLE_PREVIEWS = YES;
				GENERATE_INFOPLIST_FILE = YES;
				INFOPLIST_KEY_UIApplicationSceneManifest_Generation = YES;
				INFOPLIST_KEY_UIApplicationSupportsIndirectInputEvents = YES;
				INFOPLIST_KEY_UILaunchScreen_Generation = YES;
				INFOPLIST_KEY_UISupportedInterfaceOrientations_iPad = "UIInterfaceOrientationPortrait UIInterfaceOrientationPortraitUpsideDown UIInterfaceOrientationLandscapeLeft UIInterfaceOrientationLandscapeRight";
				INFOPLIST_KEY_UISupportedInterfaceOrientations_iPhone = "UIInterfaceOrientationPortrait UIInterfaceOrientationLandscapeLeft UIInterfaceOrientationLandscapeRight";
				LD_RUNPATH_SEARCH_PATHS = (
					"$(inherited)",
					"@executable_path/Frameworks",
				);
				MARKETING_VERSION = 1.0;
				PRODUCT_BUNDLE_IDENTIFIER = "Mr.-Beast.InstaStory";
				PRODUCT_NAME = "$(TARGET_NAME)";
				SWIFT_EMIT_LOC_STRINGS = YES;
				SWIFT_VERSION = 5.0;
				TARGETED_DEVICE_FAMILY = "1,2";
			};
			name = Release;
		};
/* End XCBuildConfiguration section */

/* Begin XCConfigurationList section */
		426AB22928CF0D28002D5244 /* Build configuration list for PBXProject "InstaStory" */ = {
			isa = XCConfigurationList;
			buildConfigurations = (
				426AB23A28CF0D29002D5244 /* Debug */,
				426AB23B28CF0D29002D5244 /* Release */,
			);
			defaultConfigurationIsVisible = 0;
			defaultConfigurationName = Release;
		};
		426AB23C28CF0D29002D5244 /* Build configuration list for PBXNativeTarget "InstaStory" */ = {
			isa = XCConfigurationList;
			buildConfigurations = (
				426AB23D28CF0D29002D5244 /* Debug */,
				426AB23E28CF0D29002D5244 /* Release */,
			);
			defaultConfigurationIsVisible = 0;
			defaultConfigurationName = Release;
		};
/* End XCConfigurationList section */
	};
	rootObject = 426AB22628CF0D28002D5244 /* Project object */;
}
